// !$*UTF8*$!
{
	archiveVersion = 1;
	classes = {
	};
	objectVersion = 46;
	objects = {

/* Begin PBXBuildFile section */
		3524F0C91A538BC3006CD505 /* Little dragon female.jpg in Resources */ = {isa = PBXBuildFile; fileRef = 3524F0C81A538BC3006CD505 /* Little dragon female.jpg */; };
		35C211C71A525177004240E0 /* main.m in Sources */ = {isa = PBXBuildFile; fileRef = 35C211C61A525177004240E0 /* main.m */; };
		35C211CA1A525177004240E0 /* AppDelegate.m in Sources */ = {isa = PBXBuildFile; fileRef = 35C211C91A525177004240E0 /* AppDelegate.m */; };
		35C211CD1A525177004240E0 /* LxFTPRequestDemo.xcdatamodeld in Sources */ = {isa = PBXBuildFile; fileRef = 35C211CB1A525177004240E0 /* LxFTPRequestDemo.xcdatamodeld */; };
		35C211D01A525177004240E0 /* ViewController.m in Sources */ = {isa = PBXBuildFile; fileRef = 35C211CF1A525177004240E0 /* ViewController.m */; };
		35C211D31A525177004240E0 /* Main.storyboard in Resources */ = {isa = PBXBuildFile; fileRef = 35C211D11A525177004240E0 /* Main.storyboard */; };
		35C211D51A525177004240E0 /* Images.xcassets in Resources */ = {isa = PBXBuildFile; fileRef = 35C211D41A525177004240E0 /* Images.xcassets */; };
		35C211D81A525177004240E0 /* LaunchScreen.xib in Resources */ = {isa = PBXBuildFile; fileRef = 35C211D61A525177004240E0 /* LaunchScreen.xib */; };
		35C211E41A525177004240E0 /* LxFTPRequestDemoTests.m in Sources */ = {isa = PBXBuildFile; fileRef = 35C211E31A525177004240E0 /* LxFTPRequestDemoTests.m */; };
		35C211F21A5251E3004240E0 /* LxFTPRequest.m in Sources */ = {isa = PBXBuildFile; fileRef = 35C211F11A5251E3004240E0 /* LxFTPRequest.m */; };
		B25984918DCDA953EC71197F /* libPods.a in Frameworks */ = {isa = PBXBuildFile; fileRef = 162F5745A9843678EDF92D13 /* libPods.a */; };
/* End PBXBuildFile section */

/* Begin PBXContainerItemProxy section */
		35C211DE1A525177004240E0 /* PBXContainerItemProxy */ = {
			isa = PBXContainerItemProxy;
			containerPortal = 35C211B91A525177004240E0 /* Project object */;
			proxyType = 1;
			remoteGlobalIDString = 35C211C01A525177004240E0;
			remoteInfo = LxFTPRequestDemo;
		};
/* End PBXContainerItemProxy section */

/* Begin PBXFileReference section */
		162F5745A9843678EDF92D13 /* libPods.a */ = {isa = PBXFileReference; explicitFileType = archive.ar; includeInIndex = 0; path = libPods.a; sourceTree = BUILT_PRODUCTS_DIR; };
		2C28C233CD22DE447863581D /* Pods.debug.xcconfig */ = {isa = PBXFileReference; includeInIndex = 1; lastKnownFileType = text.xcconfig; name = Pods.debug.xcconfig; path = "Pods/Target Support Files/Pods/Pods.debug.xcconfig"; sourceTree = "<group>"; };
		3524F0C81A538BC3006CD505 /* Little dragon female.jpg */ = {isa = PBXFileReference; lastKnownFileType = image.jpeg; path = "Little dragon female.jpg"; sourceTree = "<group>"; };
		35C211C11A525177004240E0 /* LxFTPRequestDemo.app */ = {isa = PBXFileReference; explicitFileType = wrapper.application; includeInIndex = 0; path = LxFTPRequestDemo.app; sourceTree = BUILT_PRODUCTS_DIR; };
		35C211C51A525177004240E0 /* Info.plist */ = {isa = PBXFileReference; lastKnownFileType = text.plist.xml; path = Info.plist; sourceTree = "<group>"; };
		35C211C61A525177004240E0 /* main.m */ = {isa = PBXFileReference; lastKnownFileType = sourcecode.c.objc; path = main.m; sourceTree = "<group>"; };
		35C211C81A525177004240E0 /* AppDelegate.h */ = {isa = PBXFileReference; lastKnownFileType = sourcecode.c.h; path = AppDelegate.h; sourceTree = "<group>"; };
		35C211C91A525177004240E0 /* AppDelegate.m */ = {isa = PBXFileReference; lastKnownFileType = sourcecode.c.objc; path = AppDelegate.m; sourceTree = "<group>"; };
		35C211CC1A525177004240E0 /* LxFTPRequestDemo.xcdatamodel */ = {isa = PBXFileReference; lastKnownFileType = wrapper.xcdatamodel; path = LxFTPRequestDemo.xcdatamodel; sourceTree = "<group>"; };
		35C211CE1A525177004240E0 /* ViewController.h */ = {isa = PBXFileReference; lastKnownFileType = sourcecode.c.h; path = ViewController.h; sourceTree = "<group>"; };
		35C211CF1A525177004240E0 /* ViewController.m */ = {isa = PBXFileReference; lastKnownFileType = sourcecode.c.objc; path = ViewController.m; sourceTree = "<group>"; };
		35C211D21A525177004240E0 /* Base */ = {isa = PBXFileReference; lastKnownFileType = file.storyboard; name = Base; path = Base.lproj/Main.storyboard; sourceTree = "<group>"; };
		35C211D41A525177004240E0 /* Images.xcassets */ = {isa = PBXFileReference; lastKnownFileType = folder.assetcatalog; path = Images.xcassets; sourceTree = "<group>"; };
		35C211D71A525177004240E0 /* Base */ = {isa = PBXFileReference; lastKnownFileType = file.xib; name = Base; path = Base.lproj/LaunchScreen.xib; sourceTree = "<group>"; };
		35C211DD1A525177004240E0 /* LxFTPRequestDemoTests.xctest */ = {isa = PBXFileReference; explicitFileType = wrapper.cfbundle; includeInIndex = 0; path = LxFTPRequestDemoTests.xctest; sourceTree = BUILT_PRODUCTS_DIR; };
		35C211E21A525177004240E0 /* Info.plist */ = {isa = PBXFileReference; lastKnownFileType = text.plist.xml; path = Info.plist; sourceTree = "<group>"; };
		35C211E31A525177004240E0 /* LxFTPRequestDemoTests.m */ = {isa = PBXFileReference; lastKnownFileType = sourcecode.c.objc; path = LxFTPRequestDemoTests.m; sourceTree = "<group>"; };
		35C211F01A5251E3004240E0 /* LxFTPRequest.h */ = {isa = PBXFileReference; fileEncoding = 4; lastKnownFileType = sourcecode.c.h; name = LxFTPRequest.h; path = LxFTPRequest/LxFTPRequest.h; sourceTree = "<group>"; };
		35C211F11A5251E3004240E0 /* LxFTPRequest.m */ = {isa = PBXFileReference; fileEncoding = 4; lastKnownFileType = sourcecode.c.objc; name = LxFTPRequest.m; path = LxFTPRequest/LxFTPRequest.m; sourceTree = "<group>"; };
		F8FD69AC9AC3B14E1229DF61 /* Pods.release.xcconfig */ = {isa = PBXFileReference; includeInIndex = 1; lastKnownFileType = text.xcconfig; name = Pods.release.xcconfig; path = "Pods/Target Support Files/Pods/Pods.release.xcconfig"; sourceTree = "<group>"; };
/* End PBXFileReference section */

/* Begin PBXFrameworksBuildPhase section */
		35C211BE1A525177004240E0 /* Frameworks */ = {
			isa = PBXFrameworksBuildPhase;
			buildActionMask = 2147483647;
			files = (
				B25984918DCDA953EC71197F /* libPods.a in Frameworks */,
			);
			runOnlyForDeploymentPostprocessing = 0;
		};
		35C211DA1A525177004240E0 /* Frameworks */ = {
			isa = PBXFrameworksBuildPhase;
			buildActionMask = 2147483647;
			files = (
			);
			runOnlyForDeploymentPostprocessing = 0;
		};
/* End PBXFrameworksBuildPhase section */

/* Begin PBXGroup section */
		27FBA0CD86A3842F5E66460E /* Frameworks */ = {
			isa = PBXGroup;
			children = (
				162F5745A9843678EDF92D13 /* libPods.a */,
			);
			name = Frameworks;
			sourceTree = "<group>";
		};
		35C211B81A525177004240E0 = {
			isa = PBXGroup;
			children = (
				35C211C31A525177004240E0 /* LxFTPRequestDemo */,
				35C211E01A525177004240E0 /* LxFTPRequestDemoTests */,
				35C211C21A525177004240E0 /* Products */,
				F006420F9CE33D6092196328 /* Pods */,
				27FBA0CD86A3842F5E66460E /* Frameworks */,
			);
			sourceTree = "<group>";
		};
		35C211C21A525177004240E0 /* Products */ = {
			isa = PBXGroup;
			children = (
				35C211C11A525177004240E0 /* LxFTPRequestDemo.app */,
				35C211DD1A525177004240E0 /* LxFTPRequestDemoTests.xctest */,
			);
			name = Products;
			sourceTree = "<group>";
		};
		35C211C31A525177004240E0 /* LxFTPRequestDemo */ = {
			isa = PBXGroup;
			children = (
				35C211F31A5251F2004240E0 /* LxFTPRequest */,
				35C211C81A525177004240E0 /* AppDelegate.h */,
				35C211C91A525177004240E0 /* AppDelegate.m */,
				35C211CE1A525177004240E0 /* ViewController.h */,
				35C211CF1A525177004240E0 /* ViewController.m */,
				35C211D41A525177004240E0 /* Images.xcassets */,
				35C211D11A525177004240E0 /* Main.storyboard */,
				35C211D61A525177004240E0 /* LaunchScreen.xib */,
				3524F0C81A538BC3006CD505 /* Little dragon female.jpg */,
				35C211CB1A525177004240E0 /* LxFTPRequestDemo.xcdatamodeld */,
				35C211C41A525177004240E0 /* Supporting Files */,
			);
			path = LxFTPRequestDemo;
			sourceTree = "<group>";
		};
		35C211C41A525177004240E0 /* Supporting Files */ = {
			isa = PBXGroup;
			children = (
				35C211C51A525177004240E0 /* Info.plist */,
				35C211C61A525177004240E0 /* main.m */,
			);
			name = "Supporting Files";
			sourceTree = "<group>";
		};
		35C211E01A525177004240E0 /* LxFTPRequestDemoTests */ = {
			isa = PBXGroup;
			children = (
				35C211E31A525177004240E0 /* LxFTPRequestDemoTests.m */,
				35C211E11A525177004240E0 /* Supporting Files */,
			);
			path = LxFTPRequestDemoTests;
			sourceTree = "<group>";
		};
		35C211E11A525177004240E0 /* Supporting Files */ = {
			isa = PBXGroup;
			children = (
				35C211E21A525177004240E0 /* Info.plist */,
			);
			name = "Supporting Files";
			sourceTree = "<group>";
		};
		35C211F31A5251F2004240E0 /* LxFTPRequest */ = {
			isa = PBXGroup;
			children = (
				35C211F01A5251E3004240E0 /* LxFTPRequest.h */,
				35C211F11A5251E3004240E0 /* LxFTPRequest.m */,
			);
			name = LxFTPRequest;
			sourceTree = "<group>";
		};
		F006420F9CE33D6092196328 /* Pods */ = {
			isa = PBXGroup;
			children = (
				2C28C233CD22DE447863581D /* Pods.debug.xcconfig */,
				F8FD69AC9AC3B14E1229DF61 /* Pods.release.xcconfig */,
			);
			name = Pods;
			sourceTree = "<group>";
		};
/* End PBXGroup section */

/* Begin PBXNativeTarget section */
		35C211C01A525177004240E0 /* LxFTPRequestDemo */ = {
			isa = PBXNativeTarget;
			buildConfigurationList = 35C211E71A525177004240E0 /* Build configuration list for PBXNativeTarget "LxFTPRequestDemo" */;
			buildPhases = (
				6D44F7CF9F315B92DDE083BA /* Check Pods Manifest.lock */,
				35C211BD1A525177004240E0 /* Sources */,
				35C211BE1A525177004240E0 /* Frameworks */,
				35C211BF1A525177004240E0 /* Resources */,
				8007D3C9096F3C85A143DD74 /* Copy Pods Resources */,
			);
			buildRules = (
			);
			dependencies = (
			);
			name = LxFTPRequestDemo;
			productName = LxFTPRequestDemo;
			productReference = 35C211C11A525177004240E0 /* LxFTPRequestDemo.app */;
			productType = "com.apple.product-type.application";
		};
		35C211DC1A525177004240E0 /* LxFTPRequestDemoTests */ = {
			isa = PBXNativeTarget;
			buildConfigurationList = 35C211EA1A525177004240E0 /* Build configuration list for PBXNativeTarget "LxFTPRequestDemoTests" */;
			buildPhases = (
				35C211D91A525177004240E0 /* Sources */,
				35C211DA1A525177004240E0 /* Frameworks */,
				35C211DB1A525177004240E0 /* Resources */,
			);
			buildRules = (
			);
			dependencies = (
				35C211DF1A525177004240E0 /* PBXTargetDependency */,
			);
			name = LxFTPRequestDemoTests;
			productName = LxFTPRequestDemoTests;
			productReference = 35C211DD1A525177004240E0 /* LxFTPRequestDemoTests.xctest */;
			productType = "com.apple.product-type.bundle.unit-test";
		};
/* End PBXNativeTarget section */

/* Begin PBXProject section */
		35C211B91A525177004240E0 /* Project object */ = {
			isa = PBXProject;
			attributes = {
				LastUpgradeCheck = 0610;
				ORGANIZATIONNAME = "Gener-health-li.x";
				TargetAttributes = {
					35C211C01A525177004240E0 = {
						CreatedOnToolsVersion = 6.1.1;
					};
					35C211DC1A525177004240E0 = {
						CreatedOnToolsVersion = 6.1.1;
						TestTargetID = 35C211C01A525177004240E0;
					};
				};
			};
			buildConfigurationList = 35C211BC1A525177004240E0 /* Build configuration list for PBXProject "LxFTPRequestDemo" */;
			compatibilityVersion = "Xcode 3.2";
			developmentRegion = English;
			hasScannedForEncodings = 0;
			knownRegions = (
				en,
				Base,
			);
			mainGroup = 35C211B81A525177004240E0;
			productRefGroup = 35C211C21A525177004240E0 /* Products */;
			projectDirPath = "";
			projectRoot = "";
			targets = (
				35C211C01A525177004240E0 /* LxFTPRequestDemo */,
				35C211DC1A525177004240E0 /* LxFTPRequestDemoTests */,
			);
		};
/* End PBXProject section */

/* Begin PBXResourcesBuildPhase section */
		35C211BF1A525177004240E0 /* Resources */ = {
			isa = PBXResourcesBuildPhase;
			buildActionMask = 2147483647;
			files = (
				3524F0C91A538BC3006CD505 /* Little dragon female.jpg in Resources */,
				35C211D31A525177004240E0 /* Main.storyboard in Resources */,
				35C211D81A525177004240E0 /* LaunchScreen.xib in Resources */,
				35C211D51A525177004240E0 /* Images.xcassets in Resources */,
			);
			runOnlyForDeploymentPostprocessing = 0;
		};
		35C211DB1A525177004240E0 /* Resources */ = {
			isa = PBXResourcesBuildPhase;
			buildActionMask = 2147483647;
			files = (
			);
			runOnlyForDeploymentPostprocessing = 0;
		};
/* End PBXResourcesBuildPhase section */

/* Begin PBXShellScriptBuildPhase section */
		6D44F7CF9F315B92DDE083BA /* Check Pods Manifest.lock */ = {
			isa = PBXShellScriptBuildPhase;
			buildActionMask = 2147483647;
			files = (
			);
			inputPaths = (
			);
			name = "Check Pods Manifest.lock";
			outputPaths = (
			);
			runOnlyForDeploymentPostprocessing = 0;
			shellPath = /bin/sh;
			shellScript = "diff \"${PODS_ROOT}/../Podfile.lock\" \"${PODS_ROOT}/Manifest.lock\" > /dev/null\nif [[ $? != 0 ]] ; then\n    cat << EOM\nerror: The sandbox is not in sync with the Podfile.lock. Run 'pod install' or update your CocoaPods installation.\nEOM\n    exit 1\nfi\n";
			showEnvVarsInLog = 0;
		};
		8007D3C9096F3C85A143DD74 /* Copy Pods Resources */ = {
			isa = PBXShellScriptBuildPhase;
			buildActionMask = 2147483647;
			files = (
			);
			inputPaths = (
			);
			name = "Copy Pods Resources";
			outputPaths = (
			);
			runOnlyForDeploymentPostprocessing = 0;
			shellPath = /bin/sh;
			shellScript = "\"${SRCROOT}/Pods/Target Support Files/Pods/Pods-resources.sh\"\n";
			showEnvVarsInLog = 0;
		};
/* End PBXShellScriptBuildPhase section */

/* Begin PBXSourcesBuildPhase section */
		35C211BD1A525177004240E0 /* Sources */ = {
			isa = PBXSourcesBuildPhase;
			buildActionMask = 2147483647;
			files = (
				35C211CA1A525177004240E0 /* AppDelegate.m in Sources */,
				35C211F21A5251E3004240E0 /* LxFTPRequest.m in Sources */,
				35C211C71A525177004240E0 /* main.m in Sources */,
				35C211D01A525177004240E0 /* ViewController.m in Sources */,
				35C211CD1A525177004240E0 /* LxFTPRequestDemo.xcdatamodeld in Sources */,
			);
			runOnlyForDeploymentPostprocessing = 0;
		};
		35C211D91A525177004240E0 /* Sources */ = {
			isa = PBXSourcesBuildPhase;
			buildActionMask = 2147483647;
			files = (
				35C211E41A525177004240E0 /* LxFTPRequestDemoTests.m in Sources */,
			);
			runOnlyForDeploymentPostprocessing = 0;
		};
/* End PBXSourcesBuildPhase section */

/* Begin PBXTargetDependency section */
		35C211DF1A525177004240E0 /* PBXTargetDependency */ = {
			isa = PBXTargetDependency;
			target = 35C211C01A525177004240E0 /* LxFTPRequestDemo */;
			targetProxy = 35C211DE1A525177004240E0 /* PBXContainerItemProxy */;
		};
/* End PBXTargetDependency section */

/* Begin PBXVariantGroup section */
		35C211D11A525177004240E0 /* Main.storyboard */ = {
			isa = PBXVariantGroup;
			children = (
				35C211D21A525177004240E0 /* Base */,
			);
			name = Main.storyboard;
			sourceTree = "<group>";
		};
		35C211D61A525177004240E0 /* LaunchScreen.xib */ = {
			isa = PBXVariantGroup;
			children = (
				35C211D71A525177004240E0 /* Base */,
			);
			name = LaunchScreen.xib;
			sourceTree = "<group>";
		};
/* End PBXVariantGroup section */

/* Begin XCBuildConfiguration section */
		35C211E51A525177004240E0 /* Debug */ = {
			isa = XCBuildConfiguration;
			buildSettings = {
				ALWAYS_SEARCH_USER_PATHS = NO;
				CLANG_CXX_LANGUAGE_STANDARD = "gnu++0x";
				CLANG_CXX_LIBRARY = "libc++";
				CLANG_ENABLE_MODULES = YES;
				CLANG_ENABLE_OBJC_ARC = YES;
				CLANG_WARN_BOOL_CONVERSION = YES;
				CLANG_WARN_CONSTANT_CONVERSION = YES;
				CLANG_WARN_DIRECT_OBJC_ISA_USAGE = YES_ERROR;
				CLANG_WARN_EMPTY_BODY = YES;
				CLANG_WARN_ENUM_CONVERSION = YES;
				CLANG_WARN_INT_CONVERSION = YES;
				CLANG_WARN_OBJC_ROOT_CLASS = YES_ERROR;
				CLANG_WARN_UNREACHABLE_CODE = YES;
				CLANG_WARN__DUPLICATE_METHOD_MATCH = YES;
				"CODE_SIGN_IDENTITY[sdk=iphoneos*]" = "iPhone Developer";
				COPY_PHASE_STRIP = NO;
				ENABLE_STRICT_OBJC_MSGSEND = YES;
				GCC_C_LANGUAGE_STANDARD = gnu99;
				GCC_DYNAMIC_NO_PIC = NO;
				GCC_OPTIMIZATION_LEVEL = 0;
				GCC_PREPROCESSOR_DEFINITIONS = (
					"DEBUG=1",
					"$(inherited)",
				);
				GCC_SYMBOLS_PRIVATE_EXTERN = NO;
				GCC_WARN_64_TO_32_BIT_CONVERSION = YES;
				GCC_WARN_ABOUT_RETURN_TYPE = YES_ERROR;
				GCC_WARN_UNDECLARED_SELECTOR = YES;
				GCC_WARN_UNINITIALIZED_AUTOS = YES_AGGRESSIVE;
				GCC_WARN_UNUSED_FUNCTION = YES;
				GCC_WARN_UNUSED_VARIABLE = YES;
				IPHONEOS_DEPLOYMENT_TARGET = 8.1;
				MTL_ENABLE_DEBUG_INFO = YES;
				ONLY_ACTIVE_ARCH = YES;
				SDKROOT = iphoneos;
				TARGETED_DEVICE_FAMILY = "1,2";
			};
			name = Debug;
		};
		35C211E61A525177004240E0 /* Release */ = {
			isa = XCBuildConfiguration;
			buildSettings = {
				ALWAYS_SEARCH_USER_PATHS = NO;
				CLANG_CXX_LANGUAGE_STANDARD = "gnu++0x";
				CLANG_CXX_LIBRARY = "libc++";
				CLANG_ENABLE_MODULES = YES;
				CLANG_ENABLE_OBJC_ARC = YES;
				CLANG_WARN_BOOL_CONVERSION = YES;
				CLANG_WARN_CONSTANT_CONVERSION = YES;
				CLANG_WARN_DIRECT_OBJC_ISA_USAGE = YES_ERROR;
				CLANG_WARN_EMPTY_BODY = YES;
				CLANG_WARN_ENUM_CONVERSION = YES;
				CLANG_WARN_INT_CONVERSION = YES;
				CLANG_WARN_OBJC_ROOT_CLASS = YES_ERROR;
				CLANG_WARN_UNREACHABLE_CODE = YES;
				CLANG_WARN__DUPLICATE_METHOD_MATCH = YES;
				"CODE_SIGN_IDENTITY[sdk=iphoneos*]" = "iPhone Developer";
				COPY_PHASE_STRIP = YES;
				ENABLE_NS_ASSERTIONS = NO;
				ENABLE_STRICT_OBJC_MSGSEND = YES;
				GCC_C_LANGUAGE_STANDARD = gnu99;
				GCC_WARN_64_TO_32_BIT_CONVERSION = YES;
				GCC_WARN_ABOUT_RETURN_TYPE = YES_ERROR;
				GCC_WARN_UNDECLARED_SELECTOR = YES;
				GCC_WARN_UNINITIALIZED_AUTOS = YES_AGGRESSIVE;
				GCC_WARN_UNUSED_FUNCTION = YES;
				GCC_WARN_UNUSED_VARIABLE = YES;
				IPHONEOS_DEPLOYMENT_TARGET = 8.1;
				MTL_ENABLE_DEBUG_INFO = NO;
				SDKROOT = iphoneos;
				TARGETED_DEVICE_FAMILY = "1,2";
				VALIDATE_PRODUCT = YES;
			};
			name = Release;
		};
		35C211E81A525177004240E0 /* Debug */ = {
			isa = XCBuildConfiguration;
			baseConfigurationReference = 2C28C233CD22DE447863581D /* Pods.debug.xcconfig */;
			buildSettings = {
				ASSETCATALOG_COMPILER_APPICON_NAME = AppIcon;
				INFOPLIST_FILE = LxFTPRequestDemo/Info.plist;
				LD_RUNPATH_SEARCH_PATHS = "$(inherited) @executable_path/Frameworks";
				PRODUCT_NAME = "$(TARGET_NAME)";
			};
			name = Debug;
		};
		35C211E91A525177004240E0 /* Release */ = {
			isa = XCBuildConfiguration;
			baseConfigurationReference = F8FD69AC9AC3B14E1229DF61 /* Pods.release.xcconfig */;
			buildSettings = {
				ASSETCATALOG_COMPILER_APPICON_NAME = AppIcon;
				INFOPLIST_FILE = LxFTPRequestDemo/Info.plist;
				LD_RUNPATH_SEARCH_PATHS = "$(inherited) @executable_path/Frameworks";
				PRODUCT_NAME = "$(TARGET_NAME)";
			};
			name = Release;
		};
		35C211EB1A525177004240E0 /* Debug */ = {
			isa = XCBuildConfiguration;
			buildSettings = {
				BUNDLE_LOADER = "$(TEST_HOST)";
				FRAMEWORK_SEARCH_PATHS = (
					"$(SDKROOT)/Developer/Library/Frameworks",
					"$(inherited)",
				);
				GCC_PREPROCESSOR_DEFINITIONS = (
					"DEBUG=1",
					"$(inherited)",
				);
				INFOPLIST_FILE = LxFTPRequestDemoTests/Info.plist;
				LD_RUNPATH_SEARCH_PATHS = "$(inherited) @executable_path/Frameworks @loader_path/Frameworks";
				PRODUCT_NAME = "$(TARGET_NAME)";
				TEST_HOST = "$(BUILT_PRODUCTS_DIR)/LxFTPRequestDemo.app/LxFTPRequestDemo";
			};
			name = Debug;
		};
		35C211EC1A525177004240E0 /* Release */ = {
			isa = XCBuildConfiguration;
			buildSettings = {
				BUNDLE_LOADER = "$(TEST_HOST)";
				FRAMEWORK_SEARCH_PATHS = (
					"$(SDKROOT)/Developer/Library/Frameworks",
					"$(inherited)",
				);
				INFOPLIST_FILE = LxFTPRequestDemoTests/Info.plist;
				LD_RUNPATH_SEARCH_PATHS = "$(inherited) @executable_path/Frameworks @loader_path/Frameworks";
				PRODUCT_NAME = "$(TARGET_NAME)";
				TEST_HOST = "$(BUILT_PRODUCTS_DIR)/LxFTPRequestDemo.app/LxFTPRequestDemo";
			};
			name = Release;
		};
/* End XCBuildConfiguration section */

/* Begin XCConfigurationList section */
		35C211BC1A525177004240E0 /* Build configuration list for PBXProject "LxFTPRequestDemo" */ = {
			isa = XCConfigurationList;
			buildConfigurations = (
				35C211E51A525177004240E0 /* Debug */,
				35C211E61A525177004240E0 /* Release */,
			);
			defaultConfigurationIsVisible = 0;
			defaultConfigurationName = Release;
		};
		35C211E71A525177004240E0 /* Build configuration list for PBXNativeTarget "LxFTPRequestDemo" */ = {
			isa = XCConfigurationList;
			buildConfigurations = (
				35C211E81A525177004240E0 /* Debug */,
				35C211E91A525177004240E0 /* Release */,
			);
			defaultConfigurationIsVisible = 0;
			defaultConfigurationName = Release;
		};
		35C211EA1A525177004240E0 /* Build configuration list for PBXNativeTarget "LxFTPRequestDemoTests" */ = {
			isa = XCConfigurationList;
			buildConfigurations = (
				35C211EB1A525177004240E0 /* Debug */,
				35C211EC1A525177004240E0 /* Release */,
			);
			defaultConfigurationIsVisible = 0;
			defaultConfigurationName = Release;
		};
/* End XCConfigurationList section */

/* Begin XCVersionGroup section */
		35C211CB1A525177004240E0 /* LxFTPRequestDemo.xcdatamodeld */ = {
			isa = XCVersionGroup;
			children = (
				35C211CC1A525177004240E0 /* LxFTPRequestDemo.xcdatamodel */,
			);
			currentVersion = 35C211CC1A525177004240E0 /* LxFTPRequestDemo.xcdatamodel */;
			path = LxFTPRequestDemo.xcdatamodeld;
			sourceTree = "<group>";
			versionGroupType = wrapper.xcdatamodel;
		};
/* End XCVersionGroup section */
	};
	rootObject = 35C211B91A525177004240E0 /* Project object */;
}
