// !$*UTF8*$!
{
	archiveVersion = 1;
	classes = {
	};
	objectVersion = 46;
	objects = {

/* Begin PBXBuildFile section */
		B63218951B679430003315D0 /* main.m in Sources */ = {isa = PBXBuildFile; fileRef = B63218941B679430003315D0 /* main.m */; };
		B63218981B679430003315D0 /* AppDelegate.m in Sources */ = {isa = PBXBuildFile; fileRef = B63218971B679430003315D0 /* AppDelegate.m */; };
		B632189B1B679430003315D0 /* ViewController.m in Sources */ = {isa = PBXBuildFile; fileRef = B632189A1B679430003315D0 /* ViewController.m */; };
		B632189E1B679430003315D0 /* Main.storyboard in Resources */ = {isa = PBXBuildFile; fileRef = B632189C1B679430003315D0 /* Main.storyboard */; };
		B63218A01B679430003315D0 /* Images.xcassets in Resources */ = {isa = PBXBuildFile; fileRef = B632189F1B679430003315D0 /* Images.xcassets */; };
		B63218A31B679430003315D0 /* LaunchScreen.xib in Resources */ = {isa = PBXBuildFile; fileRef = B63218A11B679430003315D0 /* LaunchScreen.xib */; };
		B6441F521B67E0FA0018FA46 /* JGProgressHUD Resources.bundle in Resources */ = {isa = PBXBuildFile; fileRef = B6441F3C1B67E0FA0018FA46 /* JGProgressHUD Resources.bundle */; };
		B6441F531B67E0FA0018FA46 /* JGProgressHUD.m in Sources */ = {isa = PBXBuildFile; fileRef = B6441F3F1B67E0FA0018FA46 /* JGProgressHUD.m */; };
		B6441F541B67E0FA0018FA46 /* JGProgressHUDAnimation.m in Sources */ = {isa = PBXBuildFile; fileRef = B6441F411B67E0FA0018FA46 /* JGProgressHUDAnimation.m */; };
		B6441F551B67E0FA0018FA46 /* JGProgressHUDErrorIndicatorView.m in Sources */ = {isa = PBXBuildFile; fileRef = B6441F431B67E0FA0018FA46 /* JGProgressHUDErrorIndicatorView.m */; };
		B6441F561B67E0FA0018FA46 /* JGProgressHUDFadeAnimation.m in Sources */ = {isa = PBXBuildFile; fileRef = B6441F451B67E0FA0018FA46 /* JGProgressHUDFadeAnimation.m */; };
		B6441F571B67E0FA0018FA46 /* JGProgressHUDFadeZoomAnimation.m in Sources */ = {isa = PBXBuildFile; fileRef = B6441F471B67E0FA0018FA46 /* JGProgressHUDFadeZoomAnimation.m */; };
		B6441F581B67E0FA0018FA46 /* JGProgressHUDIndeterminateIndicatorView.m in Sources */ = {isa = PBXBuildFile; fileRef = B6441F491B67E0FA0018FA46 /* JGProgressHUDIndeterminateIndicatorView.m */; };
		B6441F591B67E0FA0018FA46 /* JGProgressHUDIndicatorView.m in Sources */ = {isa = PBXBuildFile; fileRef = B6441F4B1B67E0FA0018FA46 /* JGProgressHUDIndicatorView.m */; };
		B6441F5A1B67E0FA0018FA46 /* JGProgressHUDPieIndicatorView.m in Sources */ = {isa = PBXBuildFile; fileRef = B6441F4D1B67E0FA0018FA46 /* JGProgressHUDPieIndicatorView.m */; };
		B6441F5B1B67E0FA0018FA46 /* JGProgressHUDRingIndicatorView.m in Sources */ = {isa = PBXBuildFile; fileRef = B6441F4F1B67E0FA0018FA46 /* JGProgressHUDRingIndicatorView.m */; };
		B6441F5C1B67E0FA0018FA46 /* JGProgressHUDSuccessIndicatorView.m in Sources */ = {isa = PBXBuildFile; fileRef = B6441F511B67E0FA0018FA46 /* JGProgressHUDSuccessIndicatorView.m */; };
		B6441F5E1B67E2CC0018FA46 /* Little dragon female.jpg in Resources */ = {isa = PBXBuildFile; fileRef = B6441F5D1B67E2CC0018FA46 /* Little dragon female.jpg */; };
		B6441F611B67E40C0018FA46 /* LxFTPRequest.m in Sources */ = {isa = PBXBuildFile; fileRef = B6441F601B67E40C0018FA46 /* LxFTPRequest.m */; };
/* End PBXBuildFile section */

/* Begin PBXFileReference section */
		B632188F1B679430003315D0 /* LxFTPRequestDemo.app */ = {isa = PBXFileReference; explicitFileType = wrapper.application; includeInIndex = 0; path = LxFTPRequestDemo.app; sourceTree = BUILT_PRODUCTS_DIR; };
		B63218931B679430003315D0 /* Info.plist */ = {isa = PBXFileReference; lastKnownFileType = text.plist.xml; path = Info.plist; sourceTree = "<group>"; };
		B63218941B679430003315D0 /* main.m */ = {isa = PBXFileReference; lastKnownFileType = sourcecode.c.objc; path = main.m; sourceTree = "<group>"; };
		B63218961B679430003315D0 /* AppDelegate.h */ = {isa = PBXFileReference; lastKnownFileType = sourcecode.c.h; path = AppDelegate.h; sourceTree = "<group>"; };
		B63218971B679430003315D0 /* AppDelegate.m */ = {isa = PBXFileReference; lastKnownFileType = sourcecode.c.objc; path = AppDelegate.m; sourceTree = "<group>"; };
		B63218991B679430003315D0 /* ViewController.h */ = {isa = PBXFileReference; lastKnownFileType = sourcecode.c.h; path = ViewController.h; sourceTree = "<group>"; };
		B632189A1B679430003315D0 /* ViewController.m */ = {isa = PBXFileReference; lastKnownFileType = sourcecode.c.objc; path = ViewController.m; sourceTree = "<group>"; };
		B632189D1B679430003315D0 /* Base */ = {isa = PBXFileReference; lastKnownFileType = file.storyboard; name = Base; path = Base.lproj/Main.storyboard; sourceTree = "<group>"; };
		B632189F1B679430003315D0 /* Images.xcassets */ = {isa = PBXFileReference; lastKnownFileType = folder.assetcatalog; path = Images.xcassets; sourceTree = "<group>"; };
		B63218A21B679430003315D0 /* Base */ = {isa = PBXFileReference; lastKnownFileType = file.xib; name = Base; path = Base.lproj/LaunchScreen.xib; sourceTree = "<group>"; };
		B6441F3C1B67E0FA0018FA46 /* JGProgressHUD Resources.bundle */ = {isa = PBXFileReference; lastKnownFileType = "wrapper.plug-in"; path = "JGProgressHUD Resources.bundle"; sourceTree = "<group>"; };
		B6441F3D1B67E0FA0018FA46 /* JGProgressHUD-Defines.h */ = {isa = PBXFileReference; fileEncoding = 4; lastKnownFileType = sourcecode.c.h; path = "JGProgressHUD-Defines.h"; sourceTree = "<group>"; };
		B6441F3E1B67E0FA0018FA46 /* JGProgressHUD.h */ = {isa = PBXFileReference; fileEncoding = 4; lastKnownFileType = sourcecode.c.h; path = JGProgressHUD.h; sourceTree = "<group>"; };
		B6441F3F1B67E0FA0018FA46 /* JGProgressHUD.m */ = {isa = PBXFileReference; fileEncoding = 4; lastKnownFileType = sourcecode.c.objc; path = JGProgressHUD.m; sourceTree = "<group>"; };
		B6441F401B67E0FA0018FA46 /* JGProgressHUDAnimation.h */ = {isa = PBXFileReference; fileEncoding = 4; lastKnownFileType = sourcecode.c.h; path = JGProgressHUDAnimation.h; sourceTree = "<group>"; };
		B6441F411B67E0FA0018FA46 /* JGProgressHUDAnimation.m */ = {isa = PBXFileReference; fileEncoding = 4; lastKnownFileType = sourcecode.c.objc; path = JGProgressHUDAnimation.m; sourceTree = "<group>"; };
		B6441F421B67E0FA0018FA46 /* JGProgressHUDErrorIndicatorView.h */ = {isa = PBXFileReference; fileEncoding = 4; lastKnownFileType = sourcecode.c.h; path = JGProgressHUDErrorIndicatorView.h; sourceTree = "<group>"; };
		B6441F431B67E0FA0018FA46 /* JGProgressHUDErrorIndicatorView.m */ = {isa = PBXFileReference; fileEncoding = 4; lastKnownFileType = sourcecode.c.objc; path = JGProgressHUDErrorIndicatorView.m; sourceTree = "<group>"; };
		B6441F441B67E0FA0018FA46 /* JGProgressHUDFadeAnimation.h */ = {isa = PBXFileReference; fileEncoding = 4; lastKnownFileType = sourcecode.c.h; path = JGProgressHUDFadeAnimation.h; sourceTree = "<group>"; };
		B6441F451B67E0FA0018FA46 /* JGProgressHUDFadeAnimation.m */ = {isa = PBXFileReference; fileEncoding = 4; lastKnownFileType = sourcecode.c.objc; path = JGProgressHUDFadeAnimation.m; sourceTree = "<group>"; };
		B6441F461B67E0FA0018FA46 /* JGProgressHUDFadeZoomAnimation.h */ = {isa = PBXFileReference; fileEncoding = 4; lastKnownFileType = sourcecode.c.h; path = JGProgressHUDFadeZoomAnimation.h; sourceTree = "<group>"; };
		B6441F471B67E0FA0018FA46 /* JGProgressHUDFadeZoomAnimation.m */ = {isa = PBXFileReference; fileEncoding = 4; lastKnownFileType = sourcecode.c.objc; path = JGProgressHUDFadeZoomAnimation.m; sourceTree = "<group>"; };
		B6441F481B67E0FA0018FA46 /* JGProgressHUDIndeterminateIndicatorView.h */ = {isa = PBXFileReference; fileEncoding = 4; lastKnownFileType = sourcecode.c.h; path = JGProgressHUDIndeterminateIndicatorView.h; sourceTree = "<group>"; };
		B6441F491B67E0FA0018FA46 /* JGProgressHUDIndeterminateIndicatorView.m */ = {isa = PBXFileReference; fileEncoding = 4; lastKnownFileType = sourcecode.c.objc; path = JGProgressHUDIndeterminateIndicatorView.m; sourceTree = "<group>"; };
		B6441F4A1B67E0FA0018FA46 /* JGProgressHUDIndicatorView.h */ = {isa = PBXFileReference; fileEncoding = 4; lastKnownFileType = sourcecode.c.h; path = JGProgressHUDIndicatorView.h; sourceTree = "<group>"; };
		B6441F4B1B67E0FA0018FA46 /* JGProgressHUDIndicatorView.m */ = {isa = PBXFileReference; fileEncoding = 4; lastKnownFileType = sourcecode.c.objc; path = JGProgressHUDIndicatorView.m; sourceTree = "<group>"; };
		B6441F4C1B67E0FA0018FA46 /* JGProgressHUDPieIndicatorView.h */ = {isa = PBXFileReference; fileEncoding = 4; lastKnownFileType = sourcecode.c.h; path = JGProgressHUDPieIndicatorView.h; sourceTree = "<group>"; };
		B6441F4D1B67E0FA0018FA46 /* JGProgressHUDPieIndicatorView.m */ = {isa = PBXFileReference; fileEncoding = 4; lastKnownFileType = sourcecode.c.objc; path = JGProgressHUDPieIndicatorView.m; sourceTree = "<group>"; };
		B6441F4E1B67E0FA0018FA46 /* JGProgressHUDRingIndicatorView.h */ = {isa = PBXFileReference; fileEncoding = 4; lastKnownFileType = sourcecode.c.h; path = JGProgressHUDRingIndicatorView.h; sourceTree = "<group>"; };
		B6441F4F1B67E0FA0018FA46 /* JGProgressHUDRingIndicatorView.m */ = {isa = PBXFileReference; fileEncoding = 4; lastKnownFileType = sourcecode.c.objc; path = JGProgressHUDRingIndicatorView.m; sourceTree = "<group>"; };
		B6441F501B67E0FA0018FA46 /* JGProgressHUDSuccessIndicatorView.h */ = {isa = PBXFileReference; fileEncoding = 4; lastKnownFileType = sourcecode.c.h; path = JGProgressHUDSuccessIndicatorView.h; sourceTree = "<group>"; };
		B6441F511B67E0FA0018FA46 /* JGProgressHUDSuccessIndicatorView.m */ = {isa = PBXFileReference; fileEncoding = 4; lastKnownFileType = sourcecode.c.objc; path = JGProgressHUDSuccessIndicatorView.m; sourceTree = "<group>"; };
		B6441F5D1B67E2CC0018FA46 /* Little dragon female.jpg */ = {isa = PBXFileReference; lastKnownFileType = image.jpeg; path = "Little dragon female.jpg"; sourceTree = "<group>"; };
		B6441F5F1B67E40C0018FA46 /* LxFTPRequest.h */ = {isa = PBXFileReference; fileEncoding = 4; lastKnownFileType = sourcecode.c.h; name = LxFTPRequest.h; path = ../../LxFTPRequest/LxFTPRequest.h; sourceTree = "<group>"; };
		B6441F601B67E40C0018FA46 /* LxFTPRequest.m */ = {isa = PBXFileReference; fileEncoding = 4; lastKnownFileType = sourcecode.c.objc; name = LxFTPRequest.m; path = ../../LxFTPRequest/LxFTPRequest.m; sourceTree = "<group>"; };
/* End PBXFileReference section */

/* Begin PBXFrameworksBuildPhase section */
		B632188C1B679430003315D0 /* Frameworks */ = {
			isa = PBXFrameworksBuildPhase;
			buildActionMask = 2147483647;
			files = (
			);
			runOnlyForDeploymentPostprocessing = 0;
		};
/* End PBXFrameworksBuildPhase section */

/* Begin PBXGroup section */
		B63218861B679430003315D0 = {
			isa = PBXGroup;
			children = (
				B63218911B679430003315D0 /* LxFTPRequestDemo */,
				B63218901B679430003315D0 /* Products */,
			);
			sourceTree = "<group>";
		};
		B63218901B679430003315D0 /* Products */ = {
			isa = PBXGroup;
			children = (
				B632188F1B679430003315D0 /* LxFTPRequestDemo.app */,
			);
			name = Products;
			sourceTree = "<group>";
		};
		B63218911B679430003315D0 /* LxFTPRequestDemo */ = {
			isa = PBXGroup;
			children = (
				B6441F3B1B67E0FA0018FA46 /* JGProgressHUD */,
				B63218B81B67947E003315D0 /* LxFTPRequest */,
				B63218961B679430003315D0 /* AppDelegate.h */,
				B63218971B679430003315D0 /* AppDelegate.m */,
				B63218991B679430003315D0 /* ViewController.h */,
				B632189A1B679430003315D0 /* ViewController.m */,
				B6441F5D1B67E2CC0018FA46 /* Little dragon female.jpg */,
				B63218921B679430003315D0 /* Supporting Files */,
			);
			path = LxFTPRequestDemo;
			sourceTree = "<group>";
		};
		B63218921B679430003315D0 /* Supporting Files */ = {
			isa = PBXGroup;
			children = (
				B63218A11B679430003315D0 /* LaunchScreen.xib */,
				B632189C1B679430003315D0 /* Main.storyboard */,
				B632189F1B679430003315D0 /* Images.xcassets */,
				B63218931B679430003315D0 /* Info.plist */,
				B63218941B679430003315D0 /* main.m */,
			);
			name = "Supporting Files";
			sourceTree = "<group>";
		};
		B63218B81B67947E003315D0 /* LxFTPRequest */ = {
			isa = PBXGroup;
			children = (
				B6441F5F1B67E40C0018FA46 /* LxFTPRequest.h */,
				B6441F601B67E40C0018FA46 /* LxFTPRequest.m */,
			);
			name = LxFTPRequest;
			sourceTree = "<group>";
		};
		B6441F3B1B67E0FA0018FA46 /* JGProgressHUD */ = {
			isa = PBXGroup;
			children = (
				B6441F3C1B67E0FA0018FA46 /* JGProgressHUD Resources.bundle */,
				B6441F3D1B67E0FA0018FA46 /* JGProgressHUD-Defines.h */,
				B6441F3E1B67E0FA0018FA46 /* JGProgressHUD.h */,
				B6441F3F1B67E0FA0018FA46 /* JGProgressHUD.m */,
				B6441F401B67E0FA0018FA46 /* JGProgressHUDAnimation.h */,
				B6441F411B67E0FA0018FA46 /* JGProgressHUDAnimation.m */,
				B6441F421B67E0FA0018FA46 /* JGProgressHUDErrorIndicatorView.h */,
				B6441F431B67E0FA0018FA46 /* JGProgressHUDErrorIndicatorView.m */,
				B6441F441B67E0FA0018FA46 /* JGProgressHUDFadeAnimation.h */,
				B6441F451B67E0FA0018FA46 /* JGProgressHUDFadeAnimation.m */,
				B6441F461B67E0FA0018FA46 /* JGProgressHUDFadeZoomAnimation.h */,
				B6441F471B67E0FA0018FA46 /* JGProgressHUDFadeZoomAnimation.m */,
				B6441F481B67E0FA0018FA46 /* JGProgressHUDIndeterminateIndicatorView.h */,
				B6441F491B67E0FA0018FA46 /* JGProgressHUDIndeterminateIndicatorView.m */,
				B6441F4A1B67E0FA0018FA46 /* JGProgressHUDIndicatorView.h */,
				B6441F4B1B67E0FA0018FA46 /* JGProgressHUDIndicatorView.m */,
				B6441F4C1B67E0FA0018FA46 /* JGProgressHUDPieIndicatorView.h */,
				B6441F4D1B67E0FA0018FA46 /* JGProgressHUDPieIndicatorView.m */,
				B6441F4E1B67E0FA0018FA46 /* JGProgressHUDRingIndicatorView.h */,
				B6441F4F1B67E0FA0018FA46 /* JGProgressHUDRingIndicatorView.m */,
				B6441F501B67E0FA0018FA46 /* JGProgressHUDSuccessIndicatorView.h */,
				B6441F511B67E0FA0018FA46 /* JGProgressHUDSuccessIndicatorView.m */,
			);
			path = JGProgressHUD;
			sourceTree = "<group>";
		};
/* End PBXGroup section */

/* Begin PBXNativeTarget section */
		B632188E1B679430003315D0 /* LxFTPRequestDemo */ = {
			isa = PBXNativeTarget;
			buildConfigurationList = B63218B21B679430003315D0 /* Build configuration list for PBXNativeTarget "LxFTPRequestDemo" */;
			buildPhases = (
				B632188B1B679430003315D0 /* Sources */,
				B632188C1B679430003315D0 /* Frameworks */,
				B632188D1B679430003315D0 /* Resources */,
			);
			buildRules = (
			);
			dependencies = (
			);
			name = LxFTPRequestDemo;
			productName = LxFTPRequestDemo;
			productReference = B632188F1B679430003315D0 /* LxFTPRequestDemo.app */;
			productType = "com.apple.product-type.application";
		};
/* End PBXNativeTarget section */

/* Begin PBXProject section */
		B63218871B679430003315D0 /* Project object */ = {
			isa = PBXProject;
			attributes = {
				LastUpgradeCheck = 0640;
				ORGANIZATIONNAME = DeveloperLx;
				TargetAttributes = {
					B632188E1B679430003315D0 = {
						CreatedOnToolsVersion = 6.4;
					};
				};
			};
			buildConfigurationList = B632188A1B679430003315D0 /* Build configuration list for PBXProject "LxFTPRequestDemo" */;
			compatibilityVersion = "Xcode 3.2";
			developmentRegion = English;
			hasScannedForEncodings = 0;
			knownRegions = (
				en,
				Base,
			);
			mainGroup = B63218861B679430003315D0;
			productRefGroup = B63218901B679430003315D0 /* Products */;
			projectDirPath = "";
			projectRoot = "";
			targets = (
				B632188E1B679430003315D0 /* LxFTPRequestDemo */,
			);
		};
/* End PBXProject section */

/* Begin PBXResourcesBuildPhase section */
		B632188D1B679430003315D0 /* Resources */ = {
			isa = PBXResourcesBuildPhase;
			buildActionMask = 2147483647;
			files = (
				B6441F521B67E0FA0018FA46 /* JGProgressHUD Resources.bundle in Resources */,
				B632189E1B679430003315D0 /* Main.storyboard in Resources */,
				B6441F5E1B67E2CC0018FA46 /* Little dragon female.jpg in Resources */,
				B63218A31B679430003315D0 /* LaunchScreen.xib in Resources */,
				B63218A01B679430003315D0 /* Images.xcassets in Resources */,
			);
			runOnlyForDeploymentPostprocessing = 0;
		};
/* End PBXResourcesBuildPhase section */

/* Begin PBXSourcesBuildPhase section */
		B632188B1B679430003315D0 /* Sources */ = {
			isa = PBXSourcesBuildPhase;
			buildActionMask = 2147483647;
			files = (
				B632189B1B679430003315D0 /* ViewController.m in Sources */,
				B63218981B679430003315D0 /* AppDelegate.m in Sources */,
				B6441F611B67E40C0018FA46 /* LxFTPRequest.m in Sources */,
				B63218951B679430003315D0 /* main.m in Sources */,
				B6441F591B67E0FA0018FA46 /* JGProgressHUDIndicatorView.m in Sources */,
				B6441F541B67E0FA0018FA46 /* JGProgressHUDAnimation.m in Sources */,
				B6441F5C1B67E0FA0018FA46 /* JGProgressHUDSuccessIndicatorView.m in Sources */,
				B6441F551B67E0FA0018FA46 /* JGProgressHUDErrorIndicatorView.m in Sources */,
				B6441F5A1B67E0FA0018FA46 /* JGProgressHUDPieIndicatorView.m in Sources */,
				B6441F561B67E0FA0018FA46 /* JGProgressHUDFadeAnimation.m in Sources */,
				B6441F571B67E0FA0018FA46 /* JGProgressHUDFadeZoomAnimation.m in Sources */,
				B6441F581B67E0FA0018FA46 /* JGProgressHUDIndeterminateIndicatorView.m in Sources */,
				B6441F531B67E0FA0018FA46 /* JGProgressHUD.m in Sources */,
				B6441F5B1B67E0FA0018FA46 /* JGProgressHUDRingIndicatorView.m in Sources */,
			);
			runOnlyForDeploymentPostprocessing = 0;
		};
/* End PBXSourcesBuildPhase section */

/* Begin PBXVariantGroup section */
		B632189C1B679430003315D0 /* Main.storyboard */ = {
			isa = PBXVariantGroup;
			children = (
				B632189D1B679430003315D0 /* Base */,
			);
			name = Main.storyboard;
			sourceTree = "<group>";
		};
		B63218A11B679430003315D0 /* LaunchScreen.xib */ = {
			isa = PBXVariantGroup;
			children = (
				B63218A21B679430003315D0 /* Base */,
			);
			name = LaunchScreen.xib;
			sourceTree = "<group>";
		};
/* End PBXVariantGroup section */

/* Begin XCBuildConfiguration section */
		B63218B01B679430003315D0 /* Debug */ = {
			isa = XCBuildConfiguration;
			buildSettings = {
				ALWAYS_SEARCH_USER_PATHS = NO;
				CLANG_CXX_LANGUAGE_STANDARD = "gnu++0x";
				CLANG_CXX_LIBRARY = "libc++";
				CLANG_ENABLE_MODULES = YES;
				CLANG_ENABLE_OBJC_ARC = YES;
				CLANG_WARN_BOOL_CONVERSION = YES;
				CLANG_WARN_CONSTANT_CONVERSION = YES;
				CLANG_WARN_DIRECT_OBJC_ISA_USAGE = YES_ERROR;
				CLANG_WARN_EMPTY_BODY = YES;
				CLANG_WARN_ENUM_CONVERSION = YES;
				CLANG_WARN_INT_CONVERSION = YES;
				CLANG_WARN_OBJC_ROOT_CLASS = YES_ERROR;
				CLANG_WARN_UNREACHABLE_CODE = YES;
				CLANG_WARN__DUPLICATE_METHOD_MATCH = YES;
				"CODE_SIGN_IDENTITY[sdk=iphoneos*]" = "iPhone Developer";
				COPY_PHASE_STRIP = NO;
				DEBUG_INFORMATION_FORMAT = "dwarf-with-dsym";
				ENABLE_STRICT_OBJC_MSGSEND = YES;
				GCC_C_LANGUAGE_STANDARD = gnu99;
				GCC_DYNAMIC_NO_PIC = NO;
				GCC_NO_COMMON_BLOCKS = YES;
				GCC_OPTIMIZATION_LEVEL = 0;
				GCC_PREPROCESSOR_DEFINITIONS = (
					"DEBUG=1",
					"$(inherited)",
				);
				GCC_SYMBOLS_PRIVATE_EXTERN = NO;
				GCC_WARN_64_TO_32_BIT_CONVERSION = YES;
				GCC_WARN_ABOUT_RETURN_TYPE = YES_ERROR;
				GCC_WARN_UNDECLARED_SELECTOR = YES;
				GCC_WARN_UNINITIALIZED_AUTOS = YES_AGGRESSIVE;
				GCC_WARN_UNUSED_FUNCTION = YES;
				GCC_WARN_UNUSED_VARIABLE = YES;
				IPHONEOS_DEPLOYMENT_TARGET = 7.0;
				MTL_ENABLE_DEBUG_INFO = YES;
				ONLY_ACTIVE_ARCH = YES;
				SDKROOT = iphoneos;
				TARGETED_DEVICE_FAMILY = "1,2";
			};
			name = Debug;
		};
		B63218B11B679430003315D0 /* Release */ = {
			isa = XCBuildConfiguration;
			buildSettings = {
				ALWAYS_SEARCH_USER_PATHS = NO;
				CLANG_CXX_LANGUAGE_STANDARD = "gnu++0x";
				CLANG_CXX_LIBRARY = "libc++";
				CLANG_ENABLE_MODULES = YES;
				CLANG_ENABLE_OBJC_ARC = YES;
				CLANG_WARN_BOOL_CONVERSION = YES;
				CLANG_WARN_CONSTANT_CONVERSION = YES;
				CLANG_WARN_DIRECT_OBJC_ISA_USAGE = YES_ERROR;
				CLANG_WARN_EMPTY_BODY = YES;
				CLANG_WARN_ENUM_CONVERSION = YES;
				CLANG_WARN_INT_CONVERSION = YES;
				CLANG_WARN_OBJC_ROOT_CLASS = YES_ERROR;
				CLANG_WARN_UNREACHABLE_CODE = YES;
				CLANG_WARN__DUPLICATE_METHOD_MATCH = YES;
				"CODE_SIGN_IDENTITY[sdk=iphoneos*]" = "iPhone Developer";
				COPY_PHASE_STRIP = NO;
				DEBUG_INFORMATION_FORMAT = "dwarf-with-dsym";
				ENABLE_NS_ASSERTIONS = NO;
				ENABLE_STRICT_OBJC_MSGSEND = YES;
				GCC_C_LANGUAGE_STANDARD = gnu99;
				GCC_NO_COMMON_BLOCKS = YES;
				GCC_WARN_64_TO_32_BIT_CONVERSION = YES;
				GCC_WARN_ABOUT_RETURN_TYPE = YES_ERROR;
				GCC_WARN_UNDECLARED_SELECTOR = YES;
				GCC_WARN_UNINITIALIZED_AUTOS = YES_AGGRESSIVE;
				GCC_WARN_UNUSED_FUNCTION = YES;
				GCC_WARN_UNUSED_VARIABLE = YES;
				IPHONEOS_DEPLOYMENT_TARGET = 7.0;
				MTL_ENABLE_DEBUG_INFO = NO;
				SDKROOT = iphoneos;
				TARGETED_DEVICE_FAMILY = "1,2";
				VALIDATE_PRODUCT = YES;
			};
			name = Release;
		};
		B63218B31B679430003315D0 /* Debug */ = {
			isa = XCBuildConfiguration;
			buildSettings = {
				ASSETCATALOG_COMPILER_APPICON_NAME = AppIcon;
				INFOPLIST_FILE = LxFTPRequestDemo/Info.plist;
				LD_RUNPATH_SEARCH_PATHS = "$(inherited) @executable_path/Frameworks";
				PRODUCT_NAME = "$(TARGET_NAME)";
			};
			name = Debug;
		};
		B63218B41B679430003315D0 /* Release */ = {
			isa = XCBuildConfiguration;
			buildSettings = {
				ASSETCATALOG_COMPILER_APPICON_NAME = AppIcon;
				INFOPLIST_FILE = LxFTPRequestDemo/Info.plist;
				LD_RUNPATH_SEARCH_PATHS = "$(inherited) @executable_path/Frameworks";
				PRODUCT_NAME = "$(TARGET_NAME)";
			};
			name = Release;
		};
/* End XCBuildConfiguration section */

/* Begin XCConfigurationList section */
		B632188A1B679430003315D0 /* Build configuration list for PBXProject "LxFTPRequestDemo" */ = {
			isa = XCConfigurationList;
			buildConfigurations = (
				B63218B01B679430003315D0 /* Debug */,
				B63218B11B679430003315D0 /* Release */,
			);
			defaultConfigurationIsVisible = 0;
			defaultConfigurationName = Release;
		};
		B63218B21B679430003315D0 /* Build configuration list for PBXNativeTarget "LxFTPRequestDemo" */ = {
			isa = XCConfigurationList;
			buildConfigurations = (
				B63218B31B679430003315D0 /* Debug */,
				B63218B41B679430003315D0 /* Release */,
			);
			defaultConfigurationIsVisible = 0;
			defaultConfigurationName = Release;
		};
/* End XCConfigurationList section */
	};
	rootObject = B63218871B679430003315D0 /* Project object */;
}
